
Microsoft Visual Studio Solution File, Format Version 12.00
# Visual Studio Version 17
VisualStudioVersion = 17.3.32922.545
MinimumVisualStudioVersion = 10.0.40219.1
Project("{FAE04EC0-301F-11D3-BF4B-00C04F79EFBC}") = "ConsoleApp1", "ConsoleApp1\ConsoleApp1.csproj", "{F10AA5DF-452D-400F-8DA9-23B2EC684D3D}"
EndProject
Project("{FAE04EC0-301F-11D3-BF4B-00C04F79EFBC}") = "ConsoleApp2", "ConsoleApp2\ConsoleApp2.csproj", "{2A7EA7FE-DBB5-4EEF-92B5-5D16CA45F690}"
EndProject
Project("{FAE04EC0-301F-11D3-BF4B-00C04F79EFBC}") = "ConsoleApp3", "ConsoleApp3\ConsoleApp3.csproj", "{B51A0363-2F78-40DF-85D8-69236129AB39}"
EndProject
Project("{FAE04EC0-301F-11D3-BF4B-00C04F79EFBC}") = "ConsoleApp4", "ConsoleApp4\ConsoleApp4.csproj", "{C9134208-F709-487D-B8B6-B28307178D00}"
EndProject
Project("{FAE04EC0-301F-11D3-BF4B-00C04F79EFBC}") = "ConsoleApp5", "ConsoleApp5\ConsoleApp5.csproj", "{9AF3C722-0B78-4651-832F-97D65AB399D0}"
EndProject
Global
	GlobalSection(SolutionConfigurationPlatforms) = preSolution
		Debug|Any CPU = Debug|Any CPU
		Release|Any CPU = Release|Any CPU
	EndGlobalSection
	GlobalSection(ProjectConfigurationPlatforms) = postSolution
		{F10AA5DF-452D-400F-8DA9-23B2EC684D3D}.Debug|Any CPU.ActiveCfg = Debug|Any CPU
		{F10AA5DF-452D-400F-8DA9-23B2EC684D3D}.Debug|Any CPU.Build.0 = Debug|Any CPU
		{F10AA5DF-452D-400F-8DA9-23B2EC684D3D}.Release|Any CPU.ActiveCfg = Release|Any CPU
		{F10AA5DF-452D-400F-8DA9-23B2EC684D3D}.Release|Any CPU.Build.0 = Release|Any CPU
		{2A7EA7FE-DBB5-4EEF-92B5-5D16CA45F690}.Debug|Any CPU.ActiveCfg = Debug|Any CPU
		{2A7EA7FE-DBB5-4EEF-92B5-5D16CA45F690}.Debug|Any CPU.Build.0 = Debug|Any CPU
		{2A7EA7FE-DBB5-4EEF-92B5-5D16CA45F690}.Release|Any CPU.ActiveCfg = Release|Any CPU
		{2A7EA7FE-DBB5-4EEF-92B5-5D16CA45F690}.Release|Any CPU.Build.0 = Release|Any CPU
		{B51A0363-2F78-40DF-85D8-69236129AB39}.Debug|Any CPU.ActiveCfg = Debug|Any CPU
		{B51A0363-2F78-40DF-85D8-69236129AB39}.Debug|Any CPU.Build.0 = Debug|Any CPU
		{B51A0363-2F78-40DF-85D8-69236129AB39}.Release|Any CPU.ActiveCfg = Release|Any CPU
		{B51A0363-2F78-40DF-85D8-69236129AB39}.Release|Any CPU.Build.0 = Release|Any CPU
		{C9134208-F709-487D-B8B6-B28307178D00}.Debug|Any CPU.ActiveCfg = Debug|Any CPU
		{C9134208-F709-487D-B8B6-B28307178D00}.Debug|Any CPU.Build.0 = Debug|Any CPU
		{C9134208-F709-487D-B8B6-B28307178D00}.Release|Any CPU.ActiveCfg = Release|Any CPU
		{C9134208-F709-487D-B8B6-B28307178D00}.Release|Any CPU.Build.0 = Release|Any CPU
		{9AF3C722-0B78-4651-832F-97D65AB399D0}.Debug|Any CPU.ActiveCfg = Debug|Any CPU
		{9AF3C722-0B78-4651-832F-97D65AB399D0}.Debug|Any CPU.Build.0 = Debug|Any CPU
		{9AF3C722-0B78-4651-832F-97D65AB399D0}.Release|Any CPU.ActiveCfg = Release|Any CPU
		{9AF3C722-0B78-4651-832F-97D65AB399D0}.Release|Any CPU.Build.0 = Release|Any CPU
	EndGlobalSection
	GlobalSection(SolutionProperties) = preSolution
		HideSolutionNode = FALSE
	EndGlobalSection
	GlobalSection(ExtensibilityGlobals) = postSolution
		SolutionGuid = {F1F866D4-8629-46D2-8F66-D4D4E48DF81E}
	EndGlobalSection
EndGlobal
